
Microsoft Visual Studio Solution File, Format Version 12.00
# Visual Studio 15
VisualStudioVersion = 15.0.27703.2035
MinimumVisualStudioVersion = 10.0.40219.1
Project("{FAE04EC0-301F-11D3-BF4B-00C04F79EFBC}") = "ScrollActivity", "ScrollActivity\ScrollActivity.csproj", "{567D8A13-252A-4D22-8B6F-D732C101D821}"
EndProject
Global
	GlobalSection(SolutionConfigurationPlatforms) = preSolution
		Debug|Any CPU = Debug|Any CPU
		Release|Any CPU = Release|Any CPU
	EndGlobalSection
	GlobalSection(ProjectConfigurationPlatforms) = postSolution
		{567D8A13-252A-4D22-8B6F-D732C101D821}.Debug|Any CPU.ActiveCfg = Debug|Any CPU
		{567D8A13-252A-4D22-8B6F-D732C101D821}.Debug|Any CPU.Build.0 = Debug|Any CPU
		{567D8A13-252A-4D22-8B6F-D732C101D821}.Release|Any CPU.ActiveCfg = Release|Any CPU
		{567D8A13-252A-4D22-8B6F-D732C101D821}.Release|Any CPU.Build.0 = Release|Any CPU
	EndGlobalSection
	GlobalSection(SolutionProperties) = preSolution
		HideSolutionNode = FALSE
	EndGlobalSection
	GlobalSection(ExtensibilityGlobals) = postSolution
		SolutionGuid = {B91232C1-2B8C-4F65-861C-EA4375AC89BC}
	EndGlobalSection
EndGlobal
